
Microsoft Visual Studio Solution File, Format Version 12.00
# Visual Studio Version 17
VisualStudioVersion = 17.4.33213.308
MinimumVisualStudioVersion = 10.0.40219.1
Project("{FAE04EC0-301F-11D3-BF4B-00C04F79EFBC}") = "SlagerLibrary", "SlagerLibrary\SlagerLibrary.csproj", "{F09A1B4B-B965-48C3-B9BC-9461822AA0DB}"
EndProject
Project("{FAE04EC0-301F-11D3-BF4B-00C04F79EFBC}") = "Slager.Test", "Slager.Test\Slager.Test.csproj", "{BF8AD7B1-A0D1-4294-898C-25589EDF66DC}"
EndProject
Global
	GlobalSection(SolutionConfigurationPlatforms) = preSolution
		Debug|Any CPU = Debug|Any CPU
		Release|Any CPU = Release|Any CPU
	EndGlobalSection
	GlobalSection(ProjectConfigurationPlatforms) = postSolution
		{F09A1B4B-B965-48C3-B9BC-9461822AA0DB}.Debug|Any CPU.ActiveCfg = Debug|Any CPU
		{F09A1B4B-B965-48C3-B9BC-9461822AA0DB}.Debug|Any CPU.Build.0 = Debug|Any CPU
		{F09A1B4B-B965-48C3-B9BC-9461822AA0DB}.Release|Any CPU.ActiveCfg = Release|Any CPU
		{F09A1B4B-B965-48C3-B9BC-9461822AA0DB}.Release|Any CPU.Build.0 = Release|Any CPU
		{BF8AD7B1-A0D1-4294-898C-25589EDF66DC}.Debug|Any CPU.ActiveCfg = Debug|Any CPU
		{BF8AD7B1-A0D1-4294-898C-25589EDF66DC}.Debug|Any CPU.Build.0 = Debug|Any CPU
		{BF8AD7B1-A0D1-4294-898C-25589EDF66DC}.Release|Any CPU.ActiveCfg = Release|Any CPU
		{BF8AD7B1-A0D1-4294-898C-25589EDF66DC}.Release|Any CPU.Build.0 = Release|Any CPU
	EndGlobalSection
	GlobalSection(SolutionProperties) = preSolution
		HideSolutionNode = FALSE
	EndGlobalSection
	GlobalSection(ExtensibilityGlobals) = postSolution
		SolutionGuid = {646CB6CF-C00D-4E56-BC58-48382ADD744D}
	EndGlobalSection
EndGlobal
