
Microsoft Visual Studio Solution File, Format Version 12.00
# Visual Studio Version 17
VisualStudioVersion = 17.4.33213.308
MinimumVisualStudioVersion = 10.0.40219.1
Project("{FAE04EC0-301F-11D3-BF4B-00C04F79EFBC}") = "MotoGP", "MotoGP\MotoGP.csproj", "{26B425BD-51EC-47B6-9BBA-97574ED1E68F}"
EndProject
Global
	GlobalSection(SolutionConfigurationPlatforms) = preSolution
		Debug|Any CPU = Debug|Any CPU
		Release|Any CPU = Release|Any CPU
	EndGlobalSection
	GlobalSection(ProjectConfigurationPlatforms) = postSolution
		{26B425BD-51EC-47B6-9BBA-97574ED1E68F}.Debug|Any CPU.ActiveCfg = Debug|Any CPU
		{26B425BD-51EC-47B6-9BBA-97574ED1E68F}.Debug|Any CPU.Build.0 = Debug|Any CPU
		{26B425BD-51EC-47B6-9BBA-97574ED1E68F}.Release|Any CPU.ActiveCfg = Release|Any CPU
		{26B425BD-51EC-47B6-9BBA-97574ED1E68F}.Release|Any CPU.Build.0 = Release|Any CPU
	EndGlobalSection
	GlobalSection(SolutionProperties) = preSolution
		HideSolutionNode = FALSE
	EndGlobalSection
	GlobalSection(ExtensibilityGlobals) = postSolution
		SolutionGuid = {DA742BE8-9EB2-475B-BF4B-E4D79BB943F0}
	EndGlobalSection
EndGlobal
